// !$*UTF8*$!
{
	archiveVersion = 1;
	classes = {
	};
	objectVersion = 50;
	objects = {

/* Begin PBXBuildFile section */
		717875E5266D7E2D00A714BA /* CustomTextField.swift in Sources */ = {isa = PBXBuildFile; fileRef = 717875E4266D7E2D00A714BA /* CustomTextField.swift */; };
		717875E8266D7EB700A714BA /* ColorSlider.swift in Sources */ = {isa = PBXBuildFile; fileRef = 717875E7266D7EB700A714BA /* ColorSlider.swift */; };
		717875EB266D804F00A714BA /* LabelText.swift in Sources */ = {isa = PBXBuildFile; fileRef = 717875EA266D804F00A714BA /* LabelText.swift */; };
		71FE0809266BE3560026330A /* SlidersSwiftUI_2_0_App.swift in Sources */ = {isa = PBXBuildFile; fileRef = 71FE0808266BE3560026330A /* SlidersSwiftUI_2_0_App.swift */; };
		71FE080B266BE3560026330A /* ContentView.swift in Sources */ = {isa = PBXBuildFile; fileRef = 71FE080A266BE3560026330A /* ContentView.swift */; };
		71FE080D266BE3590026330A /* Assets.xcassets in Resources */ = {isa = PBXBuildFile; fileRef = 71FE080C266BE3590026330A /* Assets.xcassets */; };
		71FE0810266BE3590026330A /* Preview Assets.xcassets in Resources */ = {isa = PBXBuildFile; fileRef = 71FE080F266BE3590026330A /* Preview Assets.xcassets */; };
		71FE081A266CD3A30026330A /* ColoredRectangle.swift in Sources */ = {isa = PBXBuildFile; fileRef = 71FE0819266CD3A30026330A /* ColoredRectangle.swift */; };
/* End PBXBuildFile section */

/* Begin PBXFileReference section */
		717875E4266D7E2D00A714BA /* CustomTextField.swift */ = {isa = PBXFileReference; lastKnownFileType = sourcecode.swift; path = CustomTextField.swift; sourceTree = "<group>"; };
		717875E7266D7EB700A714BA /* ColorSlider.swift */ = {isa = PBXFileReference; lastKnownFileType = sourcecode.swift; path = ColorSlider.swift; sourceTree = "<group>"; };
		717875EA266D804F00A714BA /* LabelText.swift */ = {isa = PBXFileReference; lastKnownFileType = sourcecode.swift; path = LabelText.swift; sourceTree = "<group>"; };
		71FE0805266BE3560026330A /* SlidersSwiftUI(2.0).app */ = {isa = PBXFileReference; explicitFileType = wrapper.application; includeInIndex = 0; path = "SlidersSwiftUI(2.0).app"; sourceTree = BUILT_PRODUCTS_DIR; };
		71FE0808266BE3560026330A /* SlidersSwiftUI_2_0_App.swift */ = {isa = PBXFileReference; lastKnownFileType = sourcecode.swift; path = SlidersSwiftUI_2_0_App.swift; sourceTree = "<group>"; };
		71FE080A266BE3560026330A /* ContentView.swift */ = {isa = PBXFileReference; lastKnownFileType = sourcecode.swift; path = ContentView.swift; sourceTree = "<group>"; };
		71FE080C266BE3590026330A /* Assets.xcassets */ = {isa = PBXFileReference; lastKnownFileType = folder.assetcatalog; path = Assets.xcassets; sourceTree = "<group>"; };
		71FE080F266BE3590026330A /* Preview Assets.xcassets */ = {isa = PBXFileReference; lastKnownFileType = folder.assetcatalog; path = "Preview Assets.xcassets"; sourceTree = "<group>"; };
		71FE0811266BE3590026330A /* Info.plist */ = {isa = PBXFileReference; lastKnownFileType = text.plist.xml; path = Info.plist; sourceTree = "<group>"; };
		71FE0819266CD3A30026330A /* ColoredRectangle.swift */ = {isa = PBXFileReference; lastKnownFileType = sourcecode.swift; path = ColoredRectangle.swift; sourceTree = "<group>"; };
/* End PBXFileReference section */

/* Begin PBXFrameworksBuildPhase section */
		71FE0802266BE3560026330A /* Frameworks */ = {
			isa = PBXFrameworksBuildPhase;
			buildActionMask = 2147483647;
			files = (
			);
			runOnlyForDeploymentPostprocessing = 0;
		};
/* End PBXFrameworksBuildPhase section */

/* Begin PBXGroup section */
		71FE07FC266BE3560026330A = {
			isa = PBXGroup;
			children = (
				71FE0807266BE3560026330A /* SlidersSwiftUI(2.0) */,
				71FE0806266BE3560026330A /* Products */,
			);
			sourceTree = "<group>";
		};
		71FE0806266BE3560026330A /* Products */ = {
			isa = PBXGroup;
			children = (
				71FE0805266BE3560026330A /* SlidersSwiftUI(2.0).app */,
			);
			name = Products;
			sourceTree = "<group>";
		};
		71FE0807266BE3560026330A /* SlidersSwiftUI(2.0) */ = {
			isa = PBXGroup;
			children = (
				71FE0808266BE3560026330A /* SlidersSwiftUI_2_0_App.swift */,
				71FE080A266BE3560026330A /* ContentView.swift */,
				717875EA266D804F00A714BA /* LabelText.swift */,
				717875E7266D7EB700A714BA /* ColorSlider.swift */,
				717875E4266D7E2D00A714BA /* CustomTextField.swift */,
				71FE0819266CD3A30026330A /* ColoredRectangle.swift */,
				71FE080C266BE3590026330A /* Assets.xcassets */,
				71FE0811266BE3590026330A /* Info.plist */,
				71FE080E266BE3590026330A /* Preview Content */,
			);
			path = "SlidersSwiftUI(2.0)";
			sourceTree = "<group>";
		};
		71FE080E266BE3590026330A /* Preview Content */ = {
			isa = PBXGroup;
			children = (
				71FE080F266BE3590026330A /* Preview Assets.xcassets */,
			);
			path = "Preview Content";
			sourceTree = "<group>";
		};
/* End PBXGroup section */

/* Begin PBXNativeTarget section */
		71FE0804266BE3560026330A /* SlidersSwiftUI(2.0) */ = {
			isa = PBXNativeTarget;
			buildConfigurationList = 71FE0814266BE3590026330A /* Build configuration list for PBXNativeTarget "SlidersSwiftUI(2.0)" */;
			buildPhases = (
				71FE0801266BE3560026330A /* Sources */,
				71FE0802266BE3560026330A /* Frameworks */,
				71FE0803266BE3560026330A /* Resources */,
			);
			buildRules = (
			);
			dependencies = (
			);
			name = "SlidersSwiftUI(2.0)";
			productName = "SlidersSwiftUI(2.0)";
			productReference = 71FE0805266BE3560026330A /* SlidersSwiftUI(2.0).app */;
			productType = "com.apple.product-type.application";
		};
/* End PBXNativeTarget section */

/* Begin PBXProject section */
		71FE07FD266BE3560026330A /* Project object */ = {
			isa = PBXProject;
			attributes = {
				LastSwiftUpdateCheck = 1240;
				LastUpgradeCheck = 1240;
				TargetAttributes = {
					71FE0804266BE3560026330A = {
						CreatedOnToolsVersion = 12.4;
					};
				};
			};
			buildConfigurationList = 71FE0800266BE3560026330A /* Build configuration list for PBXProject "SlidersSwiftUI(2.0)" */;
			compatibilityVersion = "Xcode 9.3";
			developmentRegion = en;
			hasScannedForEncodings = 0;
			knownRegions = (
				en,
				Base,
			);
			mainGroup = 71FE07FC266BE3560026330A;
			productRefGroup = 71FE0806266BE3560026330A /* Products */;
			projectDirPath = "";
			projectRoot = "";
			targets = (
				71FE0804266BE3560026330A /* SlidersSwiftUI(2.0) */,
			);
		};
/* End PBXProject section */

/* Begin PBXResourcesBuildPhase section */
		71FE0803266BE3560026330A /* Resources */ = {
			isa = PBXResourcesBuildPhase;
			buildActionMask = 2147483647;
			files = (
				71FE0810266BE3590026330A /* Preview Assets.xcassets in Resources */,
				71FE080D266BE3590026330A /* Assets.xcassets in Resources */,
			);
			runOnlyForDeploymentPostprocessing = 0;
		};
/* End PBXResourcesBuildPhase section */

/* Begin PBXSourcesBuildPhase section */
		71FE0801266BE3560026330A /* Sources */ = {
			isa = PBXSourcesBuildPhase;
			buildActionMask = 2147483647;
			files = (
				717875E5266D7E2D00A714BA /* CustomTextField.swift in Sources */,
				717875EB266D804F00A714BA /* LabelText.swift in Sources */,
				717875E8266D7EB700A714BA /* ColorSlider.swift in Sources */,
				71FE081A266CD3A30026330A /* ColoredRectangle.swift in Sources */,
				71FE080B266BE3560026330A /* ContentView.swift in Sources */,
				71FE0809266BE3560026330A /* SlidersSwiftUI_2_0_App.swift in Sources */,
			);
			runOnlyForDeploymentPostprocessing = 0;
		};
/* End PBXSourcesBuildPhase section */

/* Begin XCBuildConfiguration section */
		71FE0812266BE3590026330A /* Debug */ = {
			isa = XCBuildConfiguration;
			buildSettings = {
				ALWAYS_SEARCH_USER_PATHS = NO;
				CLANG_ANALYZER_NONNULL = YES;
				CLANG_ANALYZER_NUMBER_OBJECT_CONVERSION = YES_AGGRESSIVE;
				CLANG_CXX_LANGUAGE_STANDARD = "gnu++14";
				CLANG_CXX_LIBRARY = "libc++";
				CLANG_ENABLE_MODULES = YES;
				CLANG_ENABLE_OBJC_ARC = YES;
				CLANG_ENABLE_OBJC_WEAK = YES;
				CLANG_WARN_BLOCK_CAPTURE_AUTORELEASING = YES;
				CLANG_WARN_BOOL_CONVERSION = YES;
				CLANG_WARN_COMMA = YES;
				CLANG_WARN_CONSTANT_CONVERSION = YES;
				CLANG_WARN_DEPRECATED_OBJC_IMPLEMENTATIONS = YES;
				CLANG_WARN_DIRECT_OBJC_ISA_USAGE = YES_ERROR;
				CLANG_WARN_DOCUMENTATION_COMMENTS = YES;
				CLANG_WARN_EMPTY_BODY = YES;
				CLANG_WARN_ENUM_CONVERSION = YES;
				CLANG_WARN_INFINITE_RECURSION = YES;
				CLANG_WARN_INT_CONVERSION = YES;
				CLANG_WARN_NON_LITERAL_NULL_CONVERSION = YES;
				CLANG_WARN_OBJC_IMPLICIT_RETAIN_SELF = YES;
				CLANG_WARN_OBJC_LITERAL_CONVERSION = YES;
				CLANG_WARN_OBJC_ROOT_CLASS = YES_ERROR;
				CLANG_WARN_QUOTED_INCLUDE_IN_FRAMEWORK_HEADER = YES;
				CLANG_WARN_RANGE_LOOP_ANALYSIS = YES;
				CLANG_WARN_STRICT_PROTOTYPES = YES;
				CLANG_WARN_SUSPICIOUS_MOVE = YES;
				CLANG_WARN_UNGUARDED_AVAILABILITY = YES_AGGRESSIVE;
				CLANG_WARN_UNREACHABLE_CODE = YES;
				CLANG_WARN__DUPLICATE_METHOD_MATCH = YES;
				COPY_PHASE_STRIP = NO;
				DEBUG_INFORMATION_FORMAT = dwarf;
				ENABLE_STRICT_OBJC_MSGSEND = YES;
				ENABLE_TESTABILITY = YES;
				GCC_C_LANGUAGE_STANDARD = gnu11;
				GCC_DYNAMIC_NO_PIC = NO;
				GCC_NO_COMMON_BLOCKS = YES;
				GCC_OPTIMIZATION_LEVEL = 0;
				GCC_PREPROCESSOR_DEFINITIONS = (
					"DEBUG=1",
					"$(inherited)",
				);
				GCC_WARN_64_TO_32_BIT_CONVERSION = YES;
				GCC_WARN_ABOUT_RETURN_TYPE = YES_ERROR;
				GCC_WARN_UNDECLARED_SELECTOR = YES;
				GCC_WARN_UNINITIALIZED_AUTOS = YES_AGGRESSIVE;
				GCC_WARN_UNUSED_FUNCTION = YES;
				GCC_WARN_UNUSED_VARIABLE = YES;
				IPHONEOS_DEPLOYMENT_TARGET = 14.4;
				MTL_ENABLE_DEBUG_INFO = INCLUDE_SOURCE;
				MTL_FAST_MATH = YES;
				ONLY_ACTIVE_ARCH = YES;
				SDKROOT = iphoneos;
				SWIFT_ACTIVE_COMPILATION_CONDITIONS = DEBUG;
				SWIFT_OPTIMIZATION_LEVEL = "-Onone";
			};
			name = Debug;
		};
		71FE0813266BE3590026330A /* Release */ = {
			isa = XCBuildConfiguration;
			buildSettings = {
				ALWAYS_SEARCH_USER_PATHS = NO;
				CLANG_ANALYZER_NONNULL = YES;
				CLANG_ANALYZER_NUMBER_OBJECT_CONVERSION = YES_AGGRESSIVE;
				CLANG_CXX_LANGUAGE_STANDARD = "gnu++14";
				CLANG_CXX_LIBRARY = "libc++";
				CLANG_ENABLE_MODULES = YES;
				CLANG_ENABLE_OBJC_ARC = YES;
				CLANG_ENABLE_OBJC_WEAK = YES;
				CLANG_WARN_BLOCK_CAPTURE_AUTORELEASING = YES;
				CLANG_WARN_BOOL_CONVERSION = YES;
				CLANG_WARN_COMMA = YES;
				CLANG_WARN_CONSTANT_CONVERSION = YES;
				CLANG_WARN_DEPRECATED_OBJC_IMPLEMENTATIONS = YES;
				CLANG_WARN_DIRECT_OBJC_ISA_USAGE = YES_ERROR;
				CLANG_WARN_DOCUMENTATION_COMMENTS = YES;
				CLANG_WARN_EMPTY_BODY = YES;
				CLANG_WARN_ENUM_CONVERSION = YES;
				CLANG_WARN_INFINITE_RECURSION = YES;
				CLANG_WARN_INT_CONVERSION = YES;
				CLANG_WARN_NON_LITERAL_NULL_CONVERSION = YES;
				CLANG_WARN_OBJC_IMPLICIT_RETAIN_SELF = YES;
				CLANG_WARN_OBJC_LITERAL_CONVERSION = YES;
				CLANG_WARN_OBJC_ROOT_CLASS = YES_ERROR;
				CLANG_WARN_QUOTED_INCLUDE_IN_FRAMEWORK_HEADER = YES;
				CLANG_WARN_RANGE_LOOP_ANALYSIS = YES;
				CLANG_WARN_STRICT_PROTOTYPES = YES;
				CLANG_WARN_SUSPICIOUS_MOVE = YES;
				CLANG_WARN_UNGUARDED_AVAILABILITY = YES_AGGRESSIVE;
				CLANG_WARN_UNREACHABLE_CODE = YES;
				CLANG_WARN__DUPLICATE_METHOD_MATCH = YES;
				COPY_PHASE_STRIP = NO;
				DEBUG_INFORMATION_FORMAT = "dwarf-with-dsym";
				ENABLE_NS_ASSERTIONS = NO;
				ENABLE_STRICT_OBJC_MSGSEND = YES;
				GCC_C_LANGUAGE_STANDARD = gnu11;
				GCC_NO_COMMON_BLOCKS = YES;
				GCC_WARN_64_TO_32_BIT_CONVERSION = YES;
				GCC_WARN_ABOUT_RETURN_TYPE = YES_ERROR;
				GCC_WARN_UNDECLARED_SELECTOR = YES;
				GCC_WARN_UNINITIALIZED_AUTOS = YES_AGGRESSIVE;
				GCC_WARN_UNUSED_FUNCTION = YES;
				GCC_WARN_UNUSED_VARIABLE = YES;
				IPHONEOS_DEPLOYMENT_TARGET = 14.4;
				MTL_ENABLE_DEBUG_INFO = NO;
				MTL_FAST_MATH = YES;
				SDKROOT = iphoneos;
				SWIFT_COMPILATION_MODE = wholemodule;
				SWIFT_OPTIMIZATION_LEVEL = "-O";
				VALIDATE_PRODUCT = YES;
			};
			name = Release;
		};
		71FE0815266BE3590026330A /* Debug */ = {
			isa = XCBuildConfiguration;
			buildSettings = {
				ASSETCATALOG_COMPILER_APPICON_NAME = AppIcon;
				ASSETCATALOG_COMPILER_GLOBAL_ACCENT_COLOR_NAME = AccentColor;
				CODE_SIGN_STYLE = Automatic;
				DEVELOPMENT_ASSET_PATHS = "\"SlidersSwiftUI(2.0)/Preview Content\"";
				DEVELOPMENT_TEAM = W7M89AVC54;
				ENABLE_PREVIEWS = YES;
				INFOPLIST_FILE = "SlidersSwiftUI(2.0)/Info.plist";
				IPHONEOS_DEPLOYMENT_TARGET = 14.0;
				LD_RUNPATH_SEARCH_PATHS = (
					"$(inherited)",
					"@executable_path/Frameworks",
				);
				PRODUCT_BUNDLE_IDENTIFIER = "Sokolovskiy.SlidersSwiftUI-2-0-";
				PRODUCT_NAME = "$(TARGET_NAME)";
				SWIFT_VERSION = 5.0;
				TARGETED_DEVICE_FAMILY = "1,2";
			};
			name = Debug;
		};
		71FE0816266BE3590026330A /* Release */ = {
			isa = XCBuildConfiguration;
			buildSettings = {
				ASSETCATALOG_COMPILER_APPICON_NAME = AppIcon;
				ASSETCATALOG_COMPILER_GLOBAL_ACCENT_COLOR_NAME = AccentColor;
				CODE_SIGN_STYLE = Automatic;
				DEVELOPMENT_ASSET_PATHS = "\"SlidersSwiftUI(2.0)/Preview Content\"";
				DEVELOPMENT_TEAM = W7M89AVC54;
				ENABLE_PREVIEWS = YES;
				INFOPLIST_FILE = "SlidersSwiftUI(2.0)/Info.plist";
				IPHONEOS_DEPLOYMENT_TARGET = 14.0;
				LD_RUNPATH_SEARCH_PATHS = (
					"$(inherited)",
					"@executable_path/Frameworks",
				);
				PRODUCT_BUNDLE_IDENTIFIER = "Sokolovskiy.SlidersSwiftUI-2-0-";
				PRODUCT_NAME = "$(TARGET_NAME)";
				SWIFT_VERSION = 5.0;
				TARGETED_DEVICE_FAMILY = "1,2";
			};
			name = Release;
		};
/* End XCBuildConfiguration section */

/* Begin XCConfigurationList section */
		71FE0800266BE3560026330A /* Build configuration list for PBXProject "SlidersSwiftUI(2.0)" */ = {
			isa = XCConfigurationList;
			buildConfigurations = (
				71FE0812266BE3590026330A /* Debug */,
				71FE0813266BE3590026330A /* Release */,
			);
			defaultConfigurationIsVisible = 0;
			defaultConfigurationName = Release;
		};
		71FE0814266BE3590026330A /* Build configuration list for PBXNativeTarget "SlidersSwiftUI(2.0)" */ = {
			isa = XCConfigurationList;
			buildConfigurations = (
				71FE0815266BE3590026330A /* Debug */,
				71FE0816266BE3590026330A /* Release */,
			);
			defaultConfigurationIsVisible = 0;
			defaultConfigurationName = Release;
		};
/* End XCConfigurationList section */
	};
	rootObject = 71FE07FD266BE3560026330A /* Project object */;
}
